{
  "name": "Revoei-Angular",
  "lockfileVersion": 2,
  "requires": true,
  "packages": {
    "": {
      "dependencies": {
        "@capacitor/core": "^4.1.0"
      }
    },
    "node_modules/@capacitor/core": {
      "version": "4.1.0",
      "resolved": "https://registry.npmjs.org/@capacitor/core/-/core-4.1.0.tgz",
      "integrity": "sha512-bMYFnC5l5n11D/kLTz9TOOJfUH+nQqYRwzG7h5h4AXIm8aFxH5ZY3iFlDZd7R4xcyrlnfxzfoooSH9trPjRBLA==",
      "dependencies": {
        "tslib": "^2.1.0"
      }
    },
    "node_modules/tslib": {
      "version": "2.4.0",
      "resolved": "https://registry.npmjs.org/tslib/-/tslib-2.4.0.tgz",
      "integrity": "sha512-d6xOpEDfsi2CZVlPQzGeux8XMwLT9hssAsaPYExaQMuYskwb+x1x7J371tWlbBdWHroy99KnVB6qIkUbs5X3UQ=="
    }
  },
  "dependencies": {
    "@capacitor/core": {
      "version": "4.1.0",
      "resolved": "https://registry.npmjs.org/@capacitor/core/-/core-4.1.0.tgz",
      "integrity": "sha512-bMYFnC5l5n11D/kLTz9TOOJfUH+nQqYRwzG7h5h4AXIm8aFxH5ZY3iFlDZd7R4xcyrlnfxzfoooSH9trPjRBLA==",
      "requires": {
        "tslib": "^2.1.0"
      }
    },
    "tslib": {
      "version": "2.4.0",
      "resolved": "https://registry.npmjs.org/tslib/-/tslib-2.4.0.tgz",
      "integrity": "sha512-d6xOpEDfsi2CZVlPQzGeux8XMwLT9hssAsaPYExaQMuYskwb+x1x7J371tWlbBdWHroy99KnVB6qIkUbs5X3UQ=="
    }
  }
}
